
Microsoft Visual Studio Solution File, Format Version 12.00
# Visual Studio Version 17
VisualStudioVersion = 17.10.35027.167
MinimumVisualStudioVersion = 10.0.40219.1
Project("{FAE04EC0-301F-11D3-BF4B-00C04F79EFBC}") = "RESTAURANT OTOMASYONU PROJE", "RESTAURANT OTOMASYONU PROJE.csproj", "{4AB7DC0D-F50C-4E54-819E-7EFE3F5C9699}"
EndProject
Global
	GlobalSection(SolutionConfigurationPlatforms) = preSolution
		Debug|Any CPU = Debug|Any CPU
		Release|Any CPU = Release|Any CPU
	EndGlobalSection
	GlobalSection(ProjectConfigurationPlatforms) = postSolution
		{4AB7DC0D-F50C-4E54-819E-7EFE3F5C9699}.Debug|Any CPU.ActiveCfg = Debug|Any CPU
		{4AB7DC0D-F50C-4E54-819E-7EFE3F5C9699}.Debug|Any CPU.Build.0 = Debug|Any CPU
		{4AB7DC0D-F50C-4E54-819E-7EFE3F5C9699}.Release|Any CPU.ActiveCfg = Release|Any CPU
		{4AB7DC0D-F50C-4E54-819E-7EFE3F5C9699}.Release|Any CPU.Build.0 = Release|Any CPU
	EndGlobalSection
	GlobalSection(SolutionProperties) = preSolution
		HideSolutionNode = FALSE
	EndGlobalSection
	GlobalSection(ExtensibilityGlobals) = postSolution
		SolutionGuid = {16EB7206-F5AC-4BA5-AB86-31BD740C435D}
	EndGlobalSection
EndGlobal
